{
  "name": "meigi-spot-kanri",
  "version": "1.0.0",
  "lockfileVersion": 3,
  "requires": true,
  "packages": {
    "": {
      "name": "meigi-spot-kanri",
      "version": "1.0.0",
      "dependencies": {
        "@supabase/supabase-js": "^2.45.0",
        "electron-store": "^8.1.0",
        "xlsx": "^0.18.5"
      },
      "devDependencies": {
        "@hunlongyu/electron-icon-builder": "^1.0.0",
        "@resvg/resvg-js": "^2.6.2",
        "electron": "^29.1.0",
        "electron-builder": "^24.13.3",
        "esbuild": "^0.21.5"
      }
    }
  }
}
